
Microsoft Visual Studio Solution File, Format Version 12.00
# Visual Studio 15
VisualStudioVersion = 15.0.26430.12
MinimumVisualStudioVersion = 10.0.40219.1
Project("{FAE04EC0-301F-11D3-BF4B-00C04F79EFBC}") = "InterfaceGrafica", "InterfaceGrafica\InterfaceGrafica.csproj", "{457339AA-6318-4A0D-949B-F16230D76AC0}"
EndProject
Project("{FAE04EC0-301F-11D3-BF4B-00C04F79EFBC}") = "FutebolModelBiblioteca", "FutebolModelBiblioteca\FutebolModelBiblioteca.csproj", "{77BD81D5-415C-4392-84C6-A699678238B8}"
EndProject
Global
	GlobalSection(SolutionConfigurationPlatforms) = preSolution
		Debug|Any CPU = Debug|Any CPU
		Release|Any CPU = Release|Any CPU
	EndGlobalSection
	GlobalSection(ProjectConfigurationPlatforms) = postSolution
		{457339AA-6318-4A0D-949B-F16230D76AC0}.Debug|Any CPU.ActiveCfg = Debug|Any CPU
		{457339AA-6318-4A0D-949B-F16230D76AC0}.Debug|Any CPU.Build.0 = Debug|Any CPU
		{457339AA-6318-4A0D-949B-F16230D76AC0}.Release|Any CPU.ActiveCfg = Release|Any CPU
		{457339AA-6318-4A0D-949B-F16230D76AC0}.Release|Any CPU.Build.0 = Release|Any CPU
		{77BD81D5-415C-4392-84C6-A699678238B8}.Debug|Any CPU.ActiveCfg = Debug|Any CPU
		{77BD81D5-415C-4392-84C6-A699678238B8}.Debug|Any CPU.Build.0 = Debug|Any CPU
		{77BD81D5-415C-4392-84C6-A699678238B8}.Release|Any CPU.ActiveCfg = Release|Any CPU
		{77BD81D5-415C-4392-84C6-A699678238B8}.Release|Any CPU.Build.0 = Release|Any CPU
	EndGlobalSection
	GlobalSection(SolutionProperties) = preSolution
		HideSolutionNode = FALSE
	EndGlobalSection
	GlobalSection(ExtensibilityGlobals) = postSolution
		SolutionGuid = {75F5B07F-F59C-48F3-B41F-34C60D8CB6B6}
	EndGlobalSection
EndGlobal
